
Microsoft Visual Studio Solution File, Format Version 12.00
# Visual Studio Version 16
VisualStudioVersion = 16.0.31112.23
MinimumVisualStudioVersion = 10.0.40219.1
Project("{FAE04EC0-301F-11D3-BF4B-00C04F79EFBC}") = "CS03_Extended_OOP", "CS03_Extended_OOP\CS03_Extended_OOP.csproj", "{AE11B250-E10E-4ECA-AFE1-5DEDE26538C1}"
EndProject
Global
	GlobalSection(SolutionConfigurationPlatforms) = preSolution
		Debug|Any CPU = Debug|Any CPU
		Release|Any CPU = Release|Any CPU
	EndGlobalSection
	GlobalSection(ProjectConfigurationPlatforms) = postSolution
		{AE11B250-E10E-4ECA-AFE1-5DEDE26538C1}.Debug|Any CPU.ActiveCfg = Debug|Any CPU
		{AE11B250-E10E-4ECA-AFE1-5DEDE26538C1}.Debug|Any CPU.Build.0 = Debug|Any CPU
		{AE11B250-E10E-4ECA-AFE1-5DEDE26538C1}.Release|Any CPU.ActiveCfg = Release|Any CPU
		{AE11B250-E10E-4ECA-AFE1-5DEDE26538C1}.Release|Any CPU.Build.0 = Release|Any CPU
	EndGlobalSection
	GlobalSection(SolutionProperties) = preSolution
		HideSolutionNode = FALSE
	EndGlobalSection
	GlobalSection(ExtensibilityGlobals) = postSolution
		SolutionGuid = {71C09739-29AE-4B2A-BF48-C90D0BDDDF70}
	EndGlobalSection
EndGlobal
